
Microsoft Visual Studio Solution File, Format Version 12.00
# Visual Studio Version 17
VisualStudioVersion = 17.8.34525.116
MinimumVisualStudioVersion = 10.0.40219.1
Project("{9A19103F-16F7-4668-BE54-9A1E7A4F7556}") = "StoreMarket004", "StoreMarket004.csproj", "{28CB9672-0CB8-4A02-8B32-38FE59C86D64}"
EndProject
Project("{FAE04EC0-301F-11D3-BF4B-00C04F79EFBC}") = "Contracts", "..\Contracts\Contracts.csproj", "{C256B0BC-AC20-47E8-86BC-603133E334A8}"
EndProject
Global
	GlobalSection(SolutionConfigurationPlatforms) = preSolution
		Debug|Any CPU = Debug|Any CPU
		Release|Any CPU = Release|Any CPU
	EndGlobalSection
	GlobalSection(ProjectConfigurationPlatforms) = postSolution
		{28CB9672-0CB8-4A02-8B32-38FE59C86D64}.Debug|Any CPU.ActiveCfg = Debug|Any CPU
		{28CB9672-0CB8-4A02-8B32-38FE59C86D64}.Debug|Any CPU.Build.0 = Debug|Any CPU
		{28CB9672-0CB8-4A02-8B32-38FE59C86D64}.Release|Any CPU.ActiveCfg = Release|Any CPU
		{28CB9672-0CB8-4A02-8B32-38FE59C86D64}.Release|Any CPU.Build.0 = Release|Any CPU
		{C256B0BC-AC20-47E8-86BC-603133E334A8}.Debug|Any CPU.ActiveCfg = Debug|Any CPU
		{C256B0BC-AC20-47E8-86BC-603133E334A8}.Debug|Any CPU.Build.0 = Debug|Any CPU
		{C256B0BC-AC20-47E8-86BC-603133E334A8}.Release|Any CPU.ActiveCfg = Release|Any CPU
		{C256B0BC-AC20-47E8-86BC-603133E334A8}.Release|Any CPU.Build.0 = Release|Any CPU
	EndGlobalSection
	GlobalSection(SolutionProperties) = preSolution
		HideSolutionNode = FALSE
	EndGlobalSection
	GlobalSection(ExtensibilityGlobals) = postSolution
		SolutionGuid = {E12072F3-05EA-43B1-BF48-CBE411D3D6AC}
	EndGlobalSection
EndGlobal
