
Microsoft Visual Studio Solution File, Format Version 12.00
# Visual Studio Version 17
VisualStudioVersion = 17.8.34525.116
MinimumVisualStudioVersion = 10.0.40219.1
Project("{FAE04EC0-301F-11D3-BF4B-00C04F79EFBC}") = "Homework007", "Homework007.csproj", "{E62B13E1-C4BC-4EA3-AC52-074EC7009EE9}"
EndProject
Global
	GlobalSection(SolutionConfigurationPlatforms) = preSolution
		Debug|Any CPU = Debug|Any CPU
		Release|Any CPU = Release|Any CPU
	EndGlobalSection
	GlobalSection(ProjectConfigurationPlatforms) = postSolution
		{E62B13E1-C4BC-4EA3-AC52-074EC7009EE9}.Debug|Any CPU.ActiveCfg = Debug|Any CPU
		{E62B13E1-C4BC-4EA3-AC52-074EC7009EE9}.Debug|Any CPU.Build.0 = Debug|Any CPU
		{E62B13E1-C4BC-4EA3-AC52-074EC7009EE9}.Release|Any CPU.ActiveCfg = Release|Any CPU
		{E62B13E1-C4BC-4EA3-AC52-074EC7009EE9}.Release|Any CPU.Build.0 = Release|Any CPU
	EndGlobalSection
	GlobalSection(SolutionProperties) = preSolution
		HideSolutionNode = FALSE
	EndGlobalSection
	GlobalSection(ExtensibilityGlobals) = postSolution
		SolutionGuid = {B6C2421C-4C04-46F9-A6EE-920891EAD411}
	EndGlobalSection
EndGlobal
