
Microsoft Visual Studio Solution File, Format Version 12.00
# Visual Studio Version 17
VisualStudioVersion = 17.5.002.0
MinimumVisualStudioVersion = 10.0.40219.1
Project("{2150E333-8FDC-42A3-9474-1A3956D46DE8}") = "Examples", "Examples", "{E48842DA-B506-4A50-B65E-2F3FBD0FE895}"
EndProject
Project("{9A19103F-16F7-4668-BE54-9A1E7A4F7556}") = "Example001_HelloConsole", "Examples\Example001_HelloConsole\Example001_HelloConsole.csproj", "{E2309311-43EC-412C-91F8-3DC6EE8CA91A}"
EndProject
Project("{9A19103F-16F7-4668-BE54-9A1E7A4F7556}") = "Example002_HelloUser", "Examples\Example002_HelloUser\Example002_HelloUser.csproj", "{887DB6A5-6E31-49B2-A229-946C7FF601C2}"
EndProject
Project("{9A19103F-16F7-4668-BE54-9A1E7A4F7556}") = "Example003_Sum", "Examples\Example003_Sum\Example003_Sum.csproj", "{27B9A74C-B91A-4597-B971-E034A0324652}"
EndProject
Project("{9A19103F-16F7-4668-BE54-9A1E7A4F7556}") = "Example004_Div", "Examples\Example004_Div\Example004_Div.csproj", "{0E62D51A-88AE-43DB-9A8A-84EDFF26E99B}"
EndProject
Project("{9A19103F-16F7-4668-BE54-9A1E7A4F7556}") = "Example005_ConditionIfElse", "Examples\Example005_ConditionIfElse\Example005_ConditionIfElse.csproj", "{B6DD66CE-EEA8-4174-8A0D-8F017225125C}"
EndProject
Project("{9A19103F-16F7-4668-BE54-9A1E7A4F7556}") = "Example006_Base", "Examples\Example006_Base\Example006_Base.csproj", "{380A80C1-D176-4336-8C99-695BB3C0D7CA}"
EndProject
Project("{9A19103F-16F7-4668-BE54-9A1E7A4F7556}") = "Example007_Magic", "Examples\Example007_Magic\Example007_Magic.csproj", "{FC49F6F9-F760-4EB7-857C-BD09F6E81590}"
EndProject
Project("{9A19103F-16F7-4668-BE54-9A1E7A4F7556}") = "Example008_IntroMethod", "Examples\Example008_IntroMethod\Example008_IntroMethod.csproj", "{5A936339-A321-4E66-BBE7-AE622D276690}"
EndProject
Project("{9A19103F-16F7-4668-BE54-9A1E7A4F7556}") = "Example009_IntroArray", "Examples\Example009_IntroArray\Example009_IntroArray.csproj", "{20051FCB-F359-4F9B-8CA2-0E031B0D6EC0}"
EndProject
Project("{9A19103F-16F7-4668-BE54-9A1E7A4F7556}") = "Example010_MethodArray", "Examples\Example010_MethodArray\Example010_MethodArray.csproj", "{BBC1A2D5-55CD-4245-9BC4-291A8787E8C8}"
EndProject
Project("{9A19103F-16F7-4668-BE54-9A1E7A4F7556}") = "Example011_ArrayLibrary", "Examples\Example011_ArrayLibrary\Example011_ArrayLibrary.csproj", "{83D4B9B4-4475-4B73-A41C-4488C96824D5}"
EndProject
Project("{9A19103F-16F7-4668-BE54-9A1E7A4F7556}") = "Example012_Methods", "Examples\Example012_Methods\Example012_Methods.csproj", "{0A34DDE7-EAC4-4998-816B-8097A8AA3EE8}"
EndProject
Project("{9A19103F-16F7-4668-BE54-9A1E7A4F7556}") = "Example013_RecursionAlgorithm", "Examples\Example013_RecursionAlgorithm\Example013_RecursionAlgorithm.csproj", "{47D0B526-2436-4309-85E5-ADEB96840796}"
EndProject
Project("{2150E333-8FDC-42A3-9474-1A3956D46DE8}") = "С#_Homeworks", "С#_Homeworks", "{83BC9BCC-9ED0-4FE2-B762-37717B6A109B}"
EndProject
Project("{9A19103F-16F7-4668-BE54-9A1E7A4F7556}") = "Seminar01", "С#_Homeworks\Seminar01\Seminar01.csproj", "{FE77D199-A00A-4D6A-AA52-E300FE318D05}"
EndProject
Project("{9A19103F-16F7-4668-BE54-9A1E7A4F7556}") = "Seminar02", "С#_Homeworks\Seminar02\Seminar02.csproj", "{B8B6642C-5488-4F17-AB4A-04654EF69BFB}"
EndProject
Project("{9A19103F-16F7-4668-BE54-9A1E7A4F7556}") = "Seminar03", "С#_Homeworks\Seminar03\Seminar03.csproj", "{C4D3C3C9-06DB-4A72-B3F8-C910A857ED30}"
EndProject
Project("{9A19103F-16F7-4668-BE54-9A1E7A4F7556}") = "Seminar04", "С#_Homeworks\Seminar04\Seminar04.csproj", "{E5E28245-F55C-419C-BD92-CE07505EB29D}"
EndProject
Project("{9A19103F-16F7-4668-BE54-9A1E7A4F7556}") = "Seminar05", "С#_Homeworks\Seminar05\Seminar05.csproj", "{FD0B6C3B-CFA3-4830-91BE-F8298927A193}"
EndProject
Project("{9A19103F-16F7-4668-BE54-9A1E7A4F7556}") = "Seminar06", "С#_Homeworks\Seminar06\Seminar06.csproj", "{2BA11264-1006-4524-B975-96C4FA6DDCE5}"
EndProject
Project("{9A19103F-16F7-4668-BE54-9A1E7A4F7556}") = "Seminar07", "С#_Homeworks\Seminar07\Seminar07.csproj", "{015DF418-279D-4465-89AC-D4F8CADC6948}"
EndProject
Project("{9A19103F-16F7-4668-BE54-9A1E7A4F7556}") = "Seminar08", "С#_Homeworks\Seminar08\Seminar08.csproj", "{CDCB78E2-34FC-4DAA-8545-DD8E88A80D11}"
EndProject
Project("{9A19103F-16F7-4668-BE54-9A1E7A4F7556}") = "Seminar09", "С#_Homeworks\Seminar09\Seminar09.csproj", "{08FC66DA-CEA8-4D69-9531-A060AABE43C6}"
EndProject
Global
	GlobalSection(SolutionConfigurationPlatforms) = preSolution
		Debug|Any CPU = Debug|Any CPU
		Release|Any CPU = Release|Any CPU
	EndGlobalSection
	GlobalSection(ProjectConfigurationPlatforms) = postSolution
		{E2309311-43EC-412C-91F8-3DC6EE8CA91A}.Debug|Any CPU.ActiveCfg = Debug|Any CPU
		{E2309311-43EC-412C-91F8-3DC6EE8CA91A}.Debug|Any CPU.Build.0 = Debug|Any CPU
		{E2309311-43EC-412C-91F8-3DC6EE8CA91A}.Release|Any CPU.ActiveCfg = Release|Any CPU
		{E2309311-43EC-412C-91F8-3DC6EE8CA91A}.Release|Any CPU.Build.0 = Release|Any CPU
		{887DB6A5-6E31-49B2-A229-946C7FF601C2}.Debug|Any CPU.ActiveCfg = Debug|Any CPU
		{887DB6A5-6E31-49B2-A229-946C7FF601C2}.Debug|Any CPU.Build.0 = Debug|Any CPU
		{887DB6A5-6E31-49B2-A229-946C7FF601C2}.Release|Any CPU.ActiveCfg = Release|Any CPU
		{887DB6A5-6E31-49B2-A229-946C7FF601C2}.Release|Any CPU.Build.0 = Release|Any CPU
		{27B9A74C-B91A-4597-B971-E034A0324652}.Debug|Any CPU.ActiveCfg = Debug|Any CPU
		{27B9A74C-B91A-4597-B971-E034A0324652}.Debug|Any CPU.Build.0 = Debug|Any CPU
		{27B9A74C-B91A-4597-B971-E034A0324652}.Release|Any CPU.ActiveCfg = Release|Any CPU
		{27B9A74C-B91A-4597-B971-E034A0324652}.Release|Any CPU.Build.0 = Release|Any CPU
		{0E62D51A-88AE-43DB-9A8A-84EDFF26E99B}.Debug|Any CPU.ActiveCfg = Debug|Any CPU
		{0E62D51A-88AE-43DB-9A8A-84EDFF26E99B}.Debug|Any CPU.Build.0 = Debug|Any CPU
		{0E62D51A-88AE-43DB-9A8A-84EDFF26E99B}.Release|Any CPU.ActiveCfg = Release|Any CPU
		{0E62D51A-88AE-43DB-9A8A-84EDFF26E99B}.Release|Any CPU.Build.0 = Release|Any CPU
		{B6DD66CE-EEA8-4174-8A0D-8F017225125C}.Debug|Any CPU.ActiveCfg = Debug|Any CPU
		{B6DD66CE-EEA8-4174-8A0D-8F017225125C}.Debug|Any CPU.Build.0 = Debug|Any CPU
		{B6DD66CE-EEA8-4174-8A0D-8F017225125C}.Release|Any CPU.ActiveCfg = Release|Any CPU
		{B6DD66CE-EEA8-4174-8A0D-8F017225125C}.Release|Any CPU.Build.0 = Release|Any CPU
		{380A80C1-D176-4336-8C99-695BB3C0D7CA}.Debug|Any CPU.ActiveCfg = Debug|Any CPU
		{380A80C1-D176-4336-8C99-695BB3C0D7CA}.Debug|Any CPU.Build.0 = Debug|Any CPU
		{380A80C1-D176-4336-8C99-695BB3C0D7CA}.Release|Any CPU.ActiveCfg = Release|Any CPU
		{380A80C1-D176-4336-8C99-695BB3C0D7CA}.Release|Any CPU.Build.0 = Release|Any CPU
		{FC49F6F9-F760-4EB7-857C-BD09F6E81590}.Debug|Any CPU.ActiveCfg = Debug|Any CPU
		{FC49F6F9-F760-4EB7-857C-BD09F6E81590}.Debug|Any CPU.Build.0 = Debug|Any CPU
		{FC49F6F9-F760-4EB7-857C-BD09F6E81590}.Release|Any CPU.ActiveCfg = Release|Any CPU
		{FC49F6F9-F760-4EB7-857C-BD09F6E81590}.Release|Any CPU.Build.0 = Release|Any CPU
		{5A936339-A321-4E66-BBE7-AE622D276690}.Debug|Any CPU.ActiveCfg = Debug|Any CPU
		{5A936339-A321-4E66-BBE7-AE622D276690}.Debug|Any CPU.Build.0 = Debug|Any CPU
		{5A936339-A321-4E66-BBE7-AE622D276690}.Release|Any CPU.ActiveCfg = Release|Any CPU
		{5A936339-A321-4E66-BBE7-AE622D276690}.Release|Any CPU.Build.0 = Release|Any CPU
		{20051FCB-F359-4F9B-8CA2-0E031B0D6EC0}.Debug|Any CPU.ActiveCfg = Debug|Any CPU
		{20051FCB-F359-4F9B-8CA2-0E031B0D6EC0}.Debug|Any CPU.Build.0 = Debug|Any CPU
		{20051FCB-F359-4F9B-8CA2-0E031B0D6EC0}.Release|Any CPU.ActiveCfg = Release|Any CPU
		{20051FCB-F359-4F9B-8CA2-0E031B0D6EC0}.Release|Any CPU.Build.0 = Release|Any CPU
		{BBC1A2D5-55CD-4245-9BC4-291A8787E8C8}.Debug|Any CPU.ActiveCfg = Debug|Any CPU
		{BBC1A2D5-55CD-4245-9BC4-291A8787E8C8}.Debug|Any CPU.Build.0 = Debug|Any CPU
		{BBC1A2D5-55CD-4245-9BC4-291A8787E8C8}.Release|Any CPU.ActiveCfg = Release|Any CPU
		{BBC1A2D5-55CD-4245-9BC4-291A8787E8C8}.Release|Any CPU.Build.0 = Release|Any CPU
		{83D4B9B4-4475-4B73-A41C-4488C96824D5}.Debug|Any CPU.ActiveCfg = Debug|Any CPU
		{83D4B9B4-4475-4B73-A41C-4488C96824D5}.Debug|Any CPU.Build.0 = Debug|Any CPU
		{83D4B9B4-4475-4B73-A41C-4488C96824D5}.Release|Any CPU.ActiveCfg = Release|Any CPU
		{83D4B9B4-4475-4B73-A41C-4488C96824D5}.Release|Any CPU.Build.0 = Release|Any CPU
		{0A34DDE7-EAC4-4998-816B-8097A8AA3EE8}.Debug|Any CPU.ActiveCfg = Debug|Any CPU
		{0A34DDE7-EAC4-4998-816B-8097A8AA3EE8}.Debug|Any CPU.Build.0 = Debug|Any CPU
		{0A34DDE7-EAC4-4998-816B-8097A8AA3EE8}.Release|Any CPU.ActiveCfg = Release|Any CPU
		{0A34DDE7-EAC4-4998-816B-8097A8AA3EE8}.Release|Any CPU.Build.0 = Release|Any CPU
		{47D0B526-2436-4309-85E5-ADEB96840796}.Debug|Any CPU.ActiveCfg = Debug|Any CPU
		{47D0B526-2436-4309-85E5-ADEB96840796}.Debug|Any CPU.Build.0 = Debug|Any CPU
		{47D0B526-2436-4309-85E5-ADEB96840796}.Release|Any CPU.ActiveCfg = Release|Any CPU
		{47D0B526-2436-4309-85E5-ADEB96840796}.Release|Any CPU.Build.0 = Release|Any CPU
		{FE77D199-A00A-4D6A-AA52-E300FE318D05}.Debug|Any CPU.ActiveCfg = Debug|Any CPU
		{FE77D199-A00A-4D6A-AA52-E300FE318D05}.Debug|Any CPU.Build.0 = Debug|Any CPU
		{FE77D199-A00A-4D6A-AA52-E300FE318D05}.Release|Any CPU.ActiveCfg = Release|Any CPU
		{FE77D199-A00A-4D6A-AA52-E300FE318D05}.Release|Any CPU.Build.0 = Release|Any CPU
		{B8B6642C-5488-4F17-AB4A-04654EF69BFB}.Debug|Any CPU.ActiveCfg = Debug|Any CPU
		{B8B6642C-5488-4F17-AB4A-04654EF69BFB}.Debug|Any CPU.Build.0 = Debug|Any CPU
		{B8B6642C-5488-4F17-AB4A-04654EF69BFB}.Release|Any CPU.ActiveCfg = Release|Any CPU
		{B8B6642C-5488-4F17-AB4A-04654EF69BFB}.Release|Any CPU.Build.0 = Release|Any CPU
		{C4D3C3C9-06DB-4A72-B3F8-C910A857ED30}.Debug|Any CPU.ActiveCfg = Debug|Any CPU
		{C4D3C3C9-06DB-4A72-B3F8-C910A857ED30}.Debug|Any CPU.Build.0 = Debug|Any CPU
		{C4D3C3C9-06DB-4A72-B3F8-C910A857ED30}.Release|Any CPU.ActiveCfg = Release|Any CPU
		{C4D3C3C9-06DB-4A72-B3F8-C910A857ED30}.Release|Any CPU.Build.0 = Release|Any CPU
		{E5E28245-F55C-419C-BD92-CE07505EB29D}.Debug|Any CPU.ActiveCfg = Debug|Any CPU
		{E5E28245-F55C-419C-BD92-CE07505EB29D}.Debug|Any CPU.Build.0 = Debug|Any CPU
		{E5E28245-F55C-419C-BD92-CE07505EB29D}.Release|Any CPU.ActiveCfg = Release|Any CPU
		{E5E28245-F55C-419C-BD92-CE07505EB29D}.Release|Any CPU.Build.0 = Release|Any CPU
		{FD0B6C3B-CFA3-4830-91BE-F8298927A193}.Debug|Any CPU.ActiveCfg = Debug|Any CPU
		{FD0B6C3B-CFA3-4830-91BE-F8298927A193}.Debug|Any CPU.Build.0 = Debug|Any CPU
		{FD0B6C3B-CFA3-4830-91BE-F8298927A193}.Release|Any CPU.ActiveCfg = Release|Any CPU
		{FD0B6C3B-CFA3-4830-91BE-F8298927A193}.Release|Any CPU.Build.0 = Release|Any CPU
		{2BA11264-1006-4524-B975-96C4FA6DDCE5}.Debug|Any CPU.ActiveCfg = Debug|Any CPU
		{2BA11264-1006-4524-B975-96C4FA6DDCE5}.Debug|Any CPU.Build.0 = Debug|Any CPU
		{2BA11264-1006-4524-B975-96C4FA6DDCE5}.Release|Any CPU.ActiveCfg = Release|Any CPU
		{2BA11264-1006-4524-B975-96C4FA6DDCE5}.Release|Any CPU.Build.0 = Release|Any CPU
		{015DF418-279D-4465-89AC-D4F8CADC6948}.Debug|Any CPU.ActiveCfg = Debug|Any CPU
		{015DF418-279D-4465-89AC-D4F8CADC6948}.Debug|Any CPU.Build.0 = Debug|Any CPU
		{015DF418-279D-4465-89AC-D4F8CADC6948}.Release|Any CPU.ActiveCfg = Release|Any CPU
		{015DF418-279D-4465-89AC-D4F8CADC6948}.Release|Any CPU.Build.0 = Release|Any CPU
		{CDCB78E2-34FC-4DAA-8545-DD8E88A80D11}.Debug|Any CPU.ActiveCfg = Debug|Any CPU
		{CDCB78E2-34FC-4DAA-8545-DD8E88A80D11}.Debug|Any CPU.Build.0 = Debug|Any CPU
		{CDCB78E2-34FC-4DAA-8545-DD8E88A80D11}.Release|Any CPU.ActiveCfg = Release|Any CPU
		{CDCB78E2-34FC-4DAA-8545-DD8E88A80D11}.Release|Any CPU.Build.0 = Release|Any CPU
		{08FC66DA-CEA8-4D69-9531-A060AABE43C6}.Debug|Any CPU.ActiveCfg = Debug|Any CPU
		{08FC66DA-CEA8-4D69-9531-A060AABE43C6}.Debug|Any CPU.Build.0 = Debug|Any CPU
		{08FC66DA-CEA8-4D69-9531-A060AABE43C6}.Release|Any CPU.ActiveCfg = Release|Any CPU
		{08FC66DA-CEA8-4D69-9531-A060AABE43C6}.Release|Any CPU.Build.0 = Release|Any CPU
	EndGlobalSection
	GlobalSection(SolutionProperties) = preSolution
		HideSolutionNode = FALSE
	EndGlobalSection
	GlobalSection(NestedProjects) = preSolution
		{E2309311-43EC-412C-91F8-3DC6EE8CA91A} = {E48842DA-B506-4A50-B65E-2F3FBD0FE895}
		{887DB6A5-6E31-49B2-A229-946C7FF601C2} = {E48842DA-B506-4A50-B65E-2F3FBD0FE895}
		{27B9A74C-B91A-4597-B971-E034A0324652} = {E48842DA-B506-4A50-B65E-2F3FBD0FE895}
		{0E62D51A-88AE-43DB-9A8A-84EDFF26E99B} = {E48842DA-B506-4A50-B65E-2F3FBD0FE895}
		{B6DD66CE-EEA8-4174-8A0D-8F017225125C} = {E48842DA-B506-4A50-B65E-2F3FBD0FE895}
		{380A80C1-D176-4336-8C99-695BB3C0D7CA} = {E48842DA-B506-4A50-B65E-2F3FBD0FE895}
		{FC49F6F9-F760-4EB7-857C-BD09F6E81590} = {E48842DA-B506-4A50-B65E-2F3FBD0FE895}
		{5A936339-A321-4E66-BBE7-AE622D276690} = {E48842DA-B506-4A50-B65E-2F3FBD0FE895}
		{20051FCB-F359-4F9B-8CA2-0E031B0D6EC0} = {E48842DA-B506-4A50-B65E-2F3FBD0FE895}
		{BBC1A2D5-55CD-4245-9BC4-291A8787E8C8} = {E48842DA-B506-4A50-B65E-2F3FBD0FE895}
		{83D4B9B4-4475-4B73-A41C-4488C96824D5} = {E48842DA-B506-4A50-B65E-2F3FBD0FE895}
		{0A34DDE7-EAC4-4998-816B-8097A8AA3EE8} = {E48842DA-B506-4A50-B65E-2F3FBD0FE895}
		{47D0B526-2436-4309-85E5-ADEB96840796} = {E48842DA-B506-4A50-B65E-2F3FBD0FE895}
		{FE77D199-A00A-4D6A-AA52-E300FE318D05} = {83BC9BCC-9ED0-4FE2-B762-37717B6A109B}
		{B8B6642C-5488-4F17-AB4A-04654EF69BFB} = {83BC9BCC-9ED0-4FE2-B762-37717B6A109B}
		{C4D3C3C9-06DB-4A72-B3F8-C910A857ED30} = {83BC9BCC-9ED0-4FE2-B762-37717B6A109B}
		{E5E28245-F55C-419C-BD92-CE07505EB29D} = {83BC9BCC-9ED0-4FE2-B762-37717B6A109B}
		{FD0B6C3B-CFA3-4830-91BE-F8298927A193} = {83BC9BCC-9ED0-4FE2-B762-37717B6A109B}
		{2BA11264-1006-4524-B975-96C4FA6DDCE5} = {83BC9BCC-9ED0-4FE2-B762-37717B6A109B}
		{015DF418-279D-4465-89AC-D4F8CADC6948} = {83BC9BCC-9ED0-4FE2-B762-37717B6A109B}
		{CDCB78E2-34FC-4DAA-8545-DD8E88A80D11} = {83BC9BCC-9ED0-4FE2-B762-37717B6A109B}
		{08FC66DA-CEA8-4D69-9531-A060AABE43C6} = {83BC9BCC-9ED0-4FE2-B762-37717B6A109B}
	EndGlobalSection
	GlobalSection(ExtensibilityGlobals) = postSolution
		SolutionGuid = {717FC225-F070-42C8-A897-E4CA50D5EC13}
	EndGlobalSection
EndGlobal
