
Microsoft Visual Studio Solution File, Format Version 12.00
# Visual Studio Version 17
VisualStudioVersion = 17.8.34525.116
MinimumVisualStudioVersion = 10.0.40219.1
Project("{FAE04EC0-301F-11D3-BF4B-00C04F79EFBC}") = "Patterns", "Patterns.csproj", "{1EE0FFB5-6F1A-457E-9B6D-B8F112336D9F}"
EndProject
Project("{FAE04EC0-301F-11D3-BF4B-00C04F79EFBC}") = "Singleton", "..\Singleton\Singleton.csproj", "{F0A226E0-2098-4646-912B-2E0313994EE2}"
EndProject
Project("{FAE04EC0-301F-11D3-BF4B-00C04F79EFBC}") = "Prototype", "..\Prototype\Prototype.csproj", "{D69C4F8B-8819-4BE2-BC95-86112735255F}"
EndProject
Project("{FAE04EC0-301F-11D3-BF4B-00C04F79EFBC}") = "Factory", "..\Factory\Factory.csproj", "{A2F0C4FD-8CCB-44C9-9987-89B201B73471}"
EndProject
Project("{FAE04EC0-301F-11D3-BF4B-00C04F79EFBC}") = "AbstractFactory", "..\AbstractFactory\AbstractFactory.csproj", "{CFC759D1-07C9-4121-9D43-B6FF4C3A62A2}"
EndProject
Project("{FAE04EC0-301F-11D3-BF4B-00C04F79EFBC}") = "Builder", "..\Builder\Builder.csproj", "{409750C6-0FC0-4F63-8391-A52AB729B73E}"
EndProject
Project("{2150E333-8FDC-42A3-9474-1A3956D46DE8}") = "generating", "generating", "{37713F71-88A9-44E2-8ABE-4C4E6ECCF530}"
EndProject
Project("{2150E333-8FDC-42A3-9474-1A3956D46DE8}") = "structural", "structural", "{0DD83287-4861-47E1-9621-15E2ED7708DB}"
EndProject
Project("{FAE04EC0-301F-11D3-BF4B-00C04F79EFBC}") = "Adapter", "..\Adapter\Adapter.csproj", "{DF7F56FE-21BA-4682-8BC3-B7FA53A75134}"
EndProject
Project("{FAE04EC0-301F-11D3-BF4B-00C04F79EFBC}") = "Bridge", "..\Bridge\Bridge.csproj", "{BF1E41C2-F0C9-4EA7-A6F3-B94373ADF005}"
EndProject
Project("{FAE04EC0-301F-11D3-BF4B-00C04F79EFBC}") = "Composite", "..\Composite\Composite.csproj", "{25852EA7-7CAB-4538-BA6E-AF6A1A75B449}"
EndProject
Project("{FAE04EC0-301F-11D3-BF4B-00C04F79EFBC}") = "Decorator", "..\Decorator\Decorator.csproj", "{C953D222-1E0F-4880-8867-E7B440AFD44E}"
EndProject
Project("{FAE04EC0-301F-11D3-BF4B-00C04F79EFBC}") = "Facade", "..\Facade\Facade.csproj", "{40C26EAD-1C0B-480C-A274-9DA618C4A59C}"
EndProject
Project("{FAE04EC0-301F-11D3-BF4B-00C04F79EFBC}") = "Flyweight", "..\Flyweight\Flyweight.csproj", "{B1288269-F36E-4543-A42C-5B58C36494FD}"
EndProject
Project("{FAE04EC0-301F-11D3-BF4B-00C04F79EFBC}") = "Proxy", "..\Proxy\Proxy.csproj", "{F5E8141A-0B48-495A-9329-885F59E32D02}"
EndProject
Project("{2150E333-8FDC-42A3-9474-1A3956D46DE8}") = "behavioral", "behavioral", "{DCEDF973-5993-4FFF-8DB3-A12B97D3E76F}"
EndProject
Project("{FAE04EC0-301F-11D3-BF4B-00C04F79EFBC}") = "ChainOfResponsibility", "..\ChainOfResponsibility\ChainOfResponsibility.csproj", "{0E99BAFE-5029-4BAC-8F04-DD779F4CEBC8}"
EndProject
Project("{FAE04EC0-301F-11D3-BF4B-00C04F79EFBC}") = "Command", "..\Command\Command.csproj", "{81D52001-AAFD-4372-A0BA-E47B835B3552}"
EndProject
Project("{FAE04EC0-301F-11D3-BF4B-00C04F79EFBC}") = "Interpreter", "..\Interpreter\Interpreter.csproj", "{360252FC-2277-4B3E-8C1A-EC3AC446EED7}"
EndProject
Project("{FAE04EC0-301F-11D3-BF4B-00C04F79EFBC}") = "Iterator", "..\Iterator\Iterator.csproj", "{E23C9AC0-952D-455D-8177-9BF99DE443A0}"
EndProject
Project("{FAE04EC0-301F-11D3-BF4B-00C04F79EFBC}") = "Mediator", "..\Mediator\Mediator.csproj", "{0268798A-C7A8-49A3-8B58-9FE36544BEA0}"
EndProject
Project("{FAE04EC0-301F-11D3-BF4B-00C04F79EFBC}") = "Memento", "..\Memento\Memento.csproj", "{482C725B-F7AD-44CA-88D8-0AB31C206969}"
EndProject
Project("{FAE04EC0-301F-11D3-BF4B-00C04F79EFBC}") = "Observer", "..\Observer\Observer.csproj", "{3DBFAD88-9568-4D5B-9B0B-964E3D79DB14}"
EndProject
Project("{FAE04EC0-301F-11D3-BF4B-00C04F79EFBC}") = "State", "..\State\State.csproj", "{C44EF9B2-2A53-47AE-83D5-9FC5BF66A1F0}"
EndProject
Project("{FAE04EC0-301F-11D3-BF4B-00C04F79EFBC}") = "Strategy", "..\Strategy\Strategy.csproj", "{F2040301-6D24-45D6-81BC-6F2ED8079FDD}"
EndProject
Project("{FAE04EC0-301F-11D3-BF4B-00C04F79EFBC}") = "TemplateMethod", "..\TemplateMethod\TemplateMethod.csproj", "{9001E3CF-8424-4AD9-91C7-A9129A1D9943}"
EndProject
Project("{FAE04EC0-301F-11D3-BF4B-00C04F79EFBC}") = "Visitor", "..\Visitor\Visitor.csproj", "{8D55614F-8B96-4480-862F-AD2A15DFCC10}"
EndProject
Global
	GlobalSection(SolutionConfigurationPlatforms) = preSolution
		Debug|Any CPU = Debug|Any CPU
		Release|Any CPU = Release|Any CPU
	EndGlobalSection
	GlobalSection(ProjectConfigurationPlatforms) = postSolution
		{1EE0FFB5-6F1A-457E-9B6D-B8F112336D9F}.Debug|Any CPU.ActiveCfg = Debug|Any CPU
		{1EE0FFB5-6F1A-457E-9B6D-B8F112336D9F}.Debug|Any CPU.Build.0 = Debug|Any CPU
		{1EE0FFB5-6F1A-457E-9B6D-B8F112336D9F}.Release|Any CPU.ActiveCfg = Release|Any CPU
		{1EE0FFB5-6F1A-457E-9B6D-B8F112336D9F}.Release|Any CPU.Build.0 = Release|Any CPU
		{F0A226E0-2098-4646-912B-2E0313994EE2}.Debug|Any CPU.ActiveCfg = Debug|Any CPU
		{F0A226E0-2098-4646-912B-2E0313994EE2}.Debug|Any CPU.Build.0 = Debug|Any CPU
		{F0A226E0-2098-4646-912B-2E0313994EE2}.Release|Any CPU.ActiveCfg = Release|Any CPU
		{F0A226E0-2098-4646-912B-2E0313994EE2}.Release|Any CPU.Build.0 = Release|Any CPU
		{D69C4F8B-8819-4BE2-BC95-86112735255F}.Debug|Any CPU.ActiveCfg = Debug|Any CPU
		{D69C4F8B-8819-4BE2-BC95-86112735255F}.Debug|Any CPU.Build.0 = Debug|Any CPU
		{D69C4F8B-8819-4BE2-BC95-86112735255F}.Release|Any CPU.ActiveCfg = Release|Any CPU
		{D69C4F8B-8819-4BE2-BC95-86112735255F}.Release|Any CPU.Build.0 = Release|Any CPU
		{A2F0C4FD-8CCB-44C9-9987-89B201B73471}.Debug|Any CPU.ActiveCfg = Debug|Any CPU
		{A2F0C4FD-8CCB-44C9-9987-89B201B73471}.Debug|Any CPU.Build.0 = Debug|Any CPU
		{A2F0C4FD-8CCB-44C9-9987-89B201B73471}.Release|Any CPU.ActiveCfg = Release|Any CPU
		{A2F0C4FD-8CCB-44C9-9987-89B201B73471}.Release|Any CPU.Build.0 = Release|Any CPU
		{CFC759D1-07C9-4121-9D43-B6FF4C3A62A2}.Debug|Any CPU.ActiveCfg = Debug|Any CPU
		{CFC759D1-07C9-4121-9D43-B6FF4C3A62A2}.Debug|Any CPU.Build.0 = Debug|Any CPU
		{CFC759D1-07C9-4121-9D43-B6FF4C3A62A2}.Release|Any CPU.ActiveCfg = Release|Any CPU
		{CFC759D1-07C9-4121-9D43-B6FF4C3A62A2}.Release|Any CPU.Build.0 = Release|Any CPU
		{409750C6-0FC0-4F63-8391-A52AB729B73E}.Debug|Any CPU.ActiveCfg = Debug|Any CPU
		{409750C6-0FC0-4F63-8391-A52AB729B73E}.Debug|Any CPU.Build.0 = Debug|Any CPU
		{409750C6-0FC0-4F63-8391-A52AB729B73E}.Release|Any CPU.ActiveCfg = Release|Any CPU
		{409750C6-0FC0-4F63-8391-A52AB729B73E}.Release|Any CPU.Build.0 = Release|Any CPU
		{DF7F56FE-21BA-4682-8BC3-B7FA53A75134}.Debug|Any CPU.ActiveCfg = Debug|Any CPU
		{DF7F56FE-21BA-4682-8BC3-B7FA53A75134}.Debug|Any CPU.Build.0 = Debug|Any CPU
		{DF7F56FE-21BA-4682-8BC3-B7FA53A75134}.Release|Any CPU.ActiveCfg = Release|Any CPU
		{DF7F56FE-21BA-4682-8BC3-B7FA53A75134}.Release|Any CPU.Build.0 = Release|Any CPU
		{BF1E41C2-F0C9-4EA7-A6F3-B94373ADF005}.Debug|Any CPU.ActiveCfg = Debug|Any CPU
		{BF1E41C2-F0C9-4EA7-A6F3-B94373ADF005}.Debug|Any CPU.Build.0 = Debug|Any CPU
		{BF1E41C2-F0C9-4EA7-A6F3-B94373ADF005}.Release|Any CPU.ActiveCfg = Release|Any CPU
		{BF1E41C2-F0C9-4EA7-A6F3-B94373ADF005}.Release|Any CPU.Build.0 = Release|Any CPU
		{25852EA7-7CAB-4538-BA6E-AF6A1A75B449}.Debug|Any CPU.ActiveCfg = Debug|Any CPU
		{25852EA7-7CAB-4538-BA6E-AF6A1A75B449}.Debug|Any CPU.Build.0 = Debug|Any CPU
		{25852EA7-7CAB-4538-BA6E-AF6A1A75B449}.Release|Any CPU.ActiveCfg = Release|Any CPU
		{25852EA7-7CAB-4538-BA6E-AF6A1A75B449}.Release|Any CPU.Build.0 = Release|Any CPU
		{C953D222-1E0F-4880-8867-E7B440AFD44E}.Debug|Any CPU.ActiveCfg = Debug|Any CPU
		{C953D222-1E0F-4880-8867-E7B440AFD44E}.Debug|Any CPU.Build.0 = Debug|Any CPU
		{C953D222-1E0F-4880-8867-E7B440AFD44E}.Release|Any CPU.ActiveCfg = Release|Any CPU
		{C953D222-1E0F-4880-8867-E7B440AFD44E}.Release|Any CPU.Build.0 = Release|Any CPU
		{40C26EAD-1C0B-480C-A274-9DA618C4A59C}.Debug|Any CPU.ActiveCfg = Debug|Any CPU
		{40C26EAD-1C0B-480C-A274-9DA618C4A59C}.Debug|Any CPU.Build.0 = Debug|Any CPU
		{40C26EAD-1C0B-480C-A274-9DA618C4A59C}.Release|Any CPU.ActiveCfg = Release|Any CPU
		{40C26EAD-1C0B-480C-A274-9DA618C4A59C}.Release|Any CPU.Build.0 = Release|Any CPU
		{B1288269-F36E-4543-A42C-5B58C36494FD}.Debug|Any CPU.ActiveCfg = Debug|Any CPU
		{B1288269-F36E-4543-A42C-5B58C36494FD}.Debug|Any CPU.Build.0 = Debug|Any CPU
		{B1288269-F36E-4543-A42C-5B58C36494FD}.Release|Any CPU.ActiveCfg = Release|Any CPU
		{B1288269-F36E-4543-A42C-5B58C36494FD}.Release|Any CPU.Build.0 = Release|Any CPU
		{F5E8141A-0B48-495A-9329-885F59E32D02}.Debug|Any CPU.ActiveCfg = Debug|Any CPU
		{F5E8141A-0B48-495A-9329-885F59E32D02}.Debug|Any CPU.Build.0 = Debug|Any CPU
		{F5E8141A-0B48-495A-9329-885F59E32D02}.Release|Any CPU.ActiveCfg = Release|Any CPU
		{F5E8141A-0B48-495A-9329-885F59E32D02}.Release|Any CPU.Build.0 = Release|Any CPU
		{0E99BAFE-5029-4BAC-8F04-DD779F4CEBC8}.Debug|Any CPU.ActiveCfg = Debug|Any CPU
		{0E99BAFE-5029-4BAC-8F04-DD779F4CEBC8}.Debug|Any CPU.Build.0 = Debug|Any CPU
		{0E99BAFE-5029-4BAC-8F04-DD779F4CEBC8}.Release|Any CPU.ActiveCfg = Release|Any CPU
		{0E99BAFE-5029-4BAC-8F04-DD779F4CEBC8}.Release|Any CPU.Build.0 = Release|Any CPU
		{81D52001-AAFD-4372-A0BA-E47B835B3552}.Debug|Any CPU.ActiveCfg = Debug|Any CPU
		{81D52001-AAFD-4372-A0BA-E47B835B3552}.Debug|Any CPU.Build.0 = Debug|Any CPU
		{81D52001-AAFD-4372-A0BA-E47B835B3552}.Release|Any CPU.ActiveCfg = Release|Any CPU
		{81D52001-AAFD-4372-A0BA-E47B835B3552}.Release|Any CPU.Build.0 = Release|Any CPU
		{360252FC-2277-4B3E-8C1A-EC3AC446EED7}.Debug|Any CPU.ActiveCfg = Debug|Any CPU
		{360252FC-2277-4B3E-8C1A-EC3AC446EED7}.Debug|Any CPU.Build.0 = Debug|Any CPU
		{360252FC-2277-4B3E-8C1A-EC3AC446EED7}.Release|Any CPU.ActiveCfg = Release|Any CPU
		{360252FC-2277-4B3E-8C1A-EC3AC446EED7}.Release|Any CPU.Build.0 = Release|Any CPU
		{E23C9AC0-952D-455D-8177-9BF99DE443A0}.Debug|Any CPU.ActiveCfg = Debug|Any CPU
		{E23C9AC0-952D-455D-8177-9BF99DE443A0}.Debug|Any CPU.Build.0 = Debug|Any CPU
		{E23C9AC0-952D-455D-8177-9BF99DE443A0}.Release|Any CPU.ActiveCfg = Release|Any CPU
		{E23C9AC0-952D-455D-8177-9BF99DE443A0}.Release|Any CPU.Build.0 = Release|Any CPU
		{0268798A-C7A8-49A3-8B58-9FE36544BEA0}.Debug|Any CPU.ActiveCfg = Debug|Any CPU
		{0268798A-C7A8-49A3-8B58-9FE36544BEA0}.Debug|Any CPU.Build.0 = Debug|Any CPU
		{0268798A-C7A8-49A3-8B58-9FE36544BEA0}.Release|Any CPU.ActiveCfg = Release|Any CPU
		{0268798A-C7A8-49A3-8B58-9FE36544BEA0}.Release|Any CPU.Build.0 = Release|Any CPU
		{482C725B-F7AD-44CA-88D8-0AB31C206969}.Debug|Any CPU.ActiveCfg = Debug|Any CPU
		{482C725B-F7AD-44CA-88D8-0AB31C206969}.Debug|Any CPU.Build.0 = Debug|Any CPU
		{482C725B-F7AD-44CA-88D8-0AB31C206969}.Release|Any CPU.ActiveCfg = Release|Any CPU
		{482C725B-F7AD-44CA-88D8-0AB31C206969}.Release|Any CPU.Build.0 = Release|Any CPU
		{3DBFAD88-9568-4D5B-9B0B-964E3D79DB14}.Debug|Any CPU.ActiveCfg = Debug|Any CPU
		{3DBFAD88-9568-4D5B-9B0B-964E3D79DB14}.Debug|Any CPU.Build.0 = Debug|Any CPU
		{3DBFAD88-9568-4D5B-9B0B-964E3D79DB14}.Release|Any CPU.ActiveCfg = Release|Any CPU
		{3DBFAD88-9568-4D5B-9B0B-964E3D79DB14}.Release|Any CPU.Build.0 = Release|Any CPU
		{C44EF9B2-2A53-47AE-83D5-9FC5BF66A1F0}.Debug|Any CPU.ActiveCfg = Debug|Any CPU
		{C44EF9B2-2A53-47AE-83D5-9FC5BF66A1F0}.Debug|Any CPU.Build.0 = Debug|Any CPU
		{C44EF9B2-2A53-47AE-83D5-9FC5BF66A1F0}.Release|Any CPU.ActiveCfg = Release|Any CPU
		{C44EF9B2-2A53-47AE-83D5-9FC5BF66A1F0}.Release|Any CPU.Build.0 = Release|Any CPU
		{F2040301-6D24-45D6-81BC-6F2ED8079FDD}.Debug|Any CPU.ActiveCfg = Debug|Any CPU
		{F2040301-6D24-45D6-81BC-6F2ED8079FDD}.Debug|Any CPU.Build.0 = Debug|Any CPU
		{F2040301-6D24-45D6-81BC-6F2ED8079FDD}.Release|Any CPU.ActiveCfg = Release|Any CPU
		{F2040301-6D24-45D6-81BC-6F2ED8079FDD}.Release|Any CPU.Build.0 = Release|Any CPU
		{9001E3CF-8424-4AD9-91C7-A9129A1D9943}.Debug|Any CPU.ActiveCfg = Debug|Any CPU
		{9001E3CF-8424-4AD9-91C7-A9129A1D9943}.Debug|Any CPU.Build.0 = Debug|Any CPU
		{9001E3CF-8424-4AD9-91C7-A9129A1D9943}.Release|Any CPU.ActiveCfg = Release|Any CPU
		{9001E3CF-8424-4AD9-91C7-A9129A1D9943}.Release|Any CPU.Build.0 = Release|Any CPU
		{8D55614F-8B96-4480-862F-AD2A15DFCC10}.Debug|Any CPU.ActiveCfg = Debug|Any CPU
		{8D55614F-8B96-4480-862F-AD2A15DFCC10}.Debug|Any CPU.Build.0 = Debug|Any CPU
		{8D55614F-8B96-4480-862F-AD2A15DFCC10}.Release|Any CPU.ActiveCfg = Release|Any CPU
		{8D55614F-8B96-4480-862F-AD2A15DFCC10}.Release|Any CPU.Build.0 = Release|Any CPU
	EndGlobalSection
	GlobalSection(SolutionProperties) = preSolution
		HideSolutionNode = FALSE
	EndGlobalSection
	GlobalSection(NestedProjects) = preSolution
		{F0A226E0-2098-4646-912B-2E0313994EE2} = {37713F71-88A9-44E2-8ABE-4C4E6ECCF530}
		{D69C4F8B-8819-4BE2-BC95-86112735255F} = {37713F71-88A9-44E2-8ABE-4C4E6ECCF530}
		{A2F0C4FD-8CCB-44C9-9987-89B201B73471} = {37713F71-88A9-44E2-8ABE-4C4E6ECCF530}
		{CFC759D1-07C9-4121-9D43-B6FF4C3A62A2} = {37713F71-88A9-44E2-8ABE-4C4E6ECCF530}
		{409750C6-0FC0-4F63-8391-A52AB729B73E} = {37713F71-88A9-44E2-8ABE-4C4E6ECCF530}
		{DF7F56FE-21BA-4682-8BC3-B7FA53A75134} = {0DD83287-4861-47E1-9621-15E2ED7708DB}
		{BF1E41C2-F0C9-4EA7-A6F3-B94373ADF005} = {0DD83287-4861-47E1-9621-15E2ED7708DB}
		{25852EA7-7CAB-4538-BA6E-AF6A1A75B449} = {0DD83287-4861-47E1-9621-15E2ED7708DB}
		{C953D222-1E0F-4880-8867-E7B440AFD44E} = {0DD83287-4861-47E1-9621-15E2ED7708DB}
		{40C26EAD-1C0B-480C-A274-9DA618C4A59C} = {0DD83287-4861-47E1-9621-15E2ED7708DB}
		{B1288269-F36E-4543-A42C-5B58C36494FD} = {0DD83287-4861-47E1-9621-15E2ED7708DB}
		{F5E8141A-0B48-495A-9329-885F59E32D02} = {0DD83287-4861-47E1-9621-15E2ED7708DB}
		{0E99BAFE-5029-4BAC-8F04-DD779F4CEBC8} = {DCEDF973-5993-4FFF-8DB3-A12B97D3E76F}
		{81D52001-AAFD-4372-A0BA-E47B835B3552} = {DCEDF973-5993-4FFF-8DB3-A12B97D3E76F}
		{360252FC-2277-4B3E-8C1A-EC3AC446EED7} = {DCEDF973-5993-4FFF-8DB3-A12B97D3E76F}
		{E23C9AC0-952D-455D-8177-9BF99DE443A0} = {DCEDF973-5993-4FFF-8DB3-A12B97D3E76F}
		{0268798A-C7A8-49A3-8B58-9FE36544BEA0} = {DCEDF973-5993-4FFF-8DB3-A12B97D3E76F}
		{482C725B-F7AD-44CA-88D8-0AB31C206969} = {DCEDF973-5993-4FFF-8DB3-A12B97D3E76F}
		{3DBFAD88-9568-4D5B-9B0B-964E3D79DB14} = {DCEDF973-5993-4FFF-8DB3-A12B97D3E76F}
		{C44EF9B2-2A53-47AE-83D5-9FC5BF66A1F0} = {DCEDF973-5993-4FFF-8DB3-A12B97D3E76F}
		{F2040301-6D24-45D6-81BC-6F2ED8079FDD} = {DCEDF973-5993-4FFF-8DB3-A12B97D3E76F}
		{9001E3CF-8424-4AD9-91C7-A9129A1D9943} = {DCEDF973-5993-4FFF-8DB3-A12B97D3E76F}
		{8D55614F-8B96-4480-862F-AD2A15DFCC10} = {DCEDF973-5993-4FFF-8DB3-A12B97D3E76F}
	EndGlobalSection
	GlobalSection(ExtensibilityGlobals) = postSolution
		SolutionGuid = {481DF33C-F052-4238-8FF7-85788CF299A3}
	EndGlobalSection
EndGlobal
