
Microsoft Visual Studio Solution File, Format Version 12.00
# Visual Studio Version 17
VisualStudioVersion = 17.8.34525.116
MinimumVisualStudioVersion = 10.0.40219.1
Project("{FAE04EC0-301F-11D3-BF4B-00C04F79EFBC}") = "Homework013", "Homework013.csproj", "{E1C7C7B1-E8A0-447D-B363-52AC38F32FBF}"
EndProject
Global
	GlobalSection(SolutionConfigurationPlatforms) = preSolution
		Debug|Any CPU = Debug|Any CPU
		Release|Any CPU = Release|Any CPU
	EndGlobalSection
	GlobalSection(ProjectConfigurationPlatforms) = postSolution
		{E1C7C7B1-E8A0-447D-B363-52AC38F32FBF}.Debug|Any CPU.ActiveCfg = Debug|Any CPU
		{E1C7C7B1-E8A0-447D-B363-52AC38F32FBF}.Debug|Any CPU.Build.0 = Debug|Any CPU
		{E1C7C7B1-E8A0-447D-B363-52AC38F32FBF}.Release|Any CPU.ActiveCfg = Release|Any CPU
		{E1C7C7B1-E8A0-447D-B363-52AC38F32FBF}.Release|Any CPU.Build.0 = Release|Any CPU
	EndGlobalSection
	GlobalSection(SolutionProperties) = preSolution
		HideSolutionNode = FALSE
	EndGlobalSection
	GlobalSection(ExtensibilityGlobals) = postSolution
		SolutionGuid = {952A7FD8-470B-4D82-A6BC-28191CFDA73F}
	EndGlobalSection
EndGlobal
